{
  "requires": true,
  "lockfileVersion": 1,
  "dependencies": {
    "nutrition-label-jquery-plugin": {
      "version": "8.0.14",
      "resolved": "https://registry.npmjs.org/nutrition-label-jquery-plugin/-/nutrition-label-jquery-plugin-8.0.14.tgz",
      "integrity": "sha512-lZAGDoecCOKRoCSqZ2IgRIyNP2b1CB+/WfqSUU/zkvXaJA3Gnw+RVGpFvDkPYlzalwCq1LJWYCog8FfUlTeI0w=="
    }
  }
}
